id: xccdf_org.ssgproject.content_rule_enable_screensaver_password_lock
severity: medium
title: Enable Screen Lock Activation After Idle Period
description: |
  Run the following command to activate locking of the screensaver in the
  GNOME desktop when it is activated:

      # gconftool-2 --direct \
        --config-source xml:readwrite:/etc/gconf/gconf.xml.mandatory \
        --type bool \
        --set /apps/gnome-screensaver/lock_enabled true
rationale: |
  Enabling the activation of the screen lock after an idle period ensures
  password entry will be required in order to access the system,
  preventing access by passersby.
references:
- href: http://csrc.nist.gov/publications/nistpubs/800-53-Rev3/sp800-53-rev3-final.pdf
  value: AC-11(a)
- href: http://iase.disa.mil/cci/index.html
  value: '57'
crosswalk:
- system: http://cce.mitre.org
  value: CCE-26235-2
tests:
- type: ind:xmlfilecontent_test
  check: all
  comment: screensaver lock is enabled
  version: '1'
  object:
    version: '1'
    ind:filepath: /etc/gconf/gconf.xml.mandatory/apps/gnome-screensaver/%gconf.xml
    ind:xpath: /gconf/entry[@name='lock_enabled']/@value
  state:
    version: '1'
    ind:value_of: 'true'
