id: xccdf_org.ssgproject.content_rule_enable_screensaver_password_lock
severity: medium
title: Enable Screen Lock Activation After Idle Period
description: |
  # gconftool-2 --direct \
        --config-source xml:readwrite:/etc/gconf/gconf.xml.mandatory \
        --type bool \
        --set /apps/gnome-screensaver/lock_enabled true
rationale: ~
references:
- href: http://csrc.nist.gov/publications/nistpubs/800-53-Rev3/sp800-53-rev3-final.pdf
  value: AC-11(a)
- href: http://iase.disa.mil/cci/index.html
  value: '57'
crosswalk:
- system: http://cce.mitre.org
  value: CCE-26235-2
tests:
- type: ind:xmlfilecontent_test
  check: all
  object:
    ind:filepath: /etc/gconf/gconf.xml.mandatory/apps/gnome-screensaver/%gconf.xml
    ind:xpath: /gconf/entry[@name='lock_enabled']/@value
  state:
    ind:value_of: 'true'
